# This file is automatically @generated by Cargo.
# It is not intended for manual editing.
version = 3

[[package]]
name = "d2p1"
version = "0.1.0"
dependencies = [
 "shared",
]

[[package]]
name = "d2p2"
version = "0.1.0"
dependencies = [
 "shared",
]

[[package]]
name = "d3p1"
version = "0.1.0"
dependencies = [
 "shared",
]

[[package]]
name = "d3p2"
version = "0.1.0"
dependencies = [
 "shared",
]

[[package]]
name = "d4p1"
version = "0.1.0"
dependencies = [
 "shared",
]

[[package]]
name = "d4p2"
version = "0.1.0"

[[package]]
name = "d5p1"
version = "0.1.0"
dependencies = [
 "shared",
]

[[package]]
name = "d5p2"
version = "0.1.0"
dependencies = [
 "shared",
]

[[package]]
name = "shared"
version = "0.1.0"
